
Microsoft Visual Studio Solution File, Format Version 12.00
# Visual Studio Version 16
VisualStudioVersion = 16.0.29403.142
MinimumVisualStudioVersion = 10.0.40219.1
Project("{FAE04EC0-301F-11D3-BF4B-00C04F79EFBC}") = "Funkcja4", "Funkcja4\Funkcja4.csproj", "{AC050F31-096A-4CE6-8FFA-9CCA647CA410}"
EndProject
Global
	GlobalSection(SolutionConfigurationPlatforms) = preSolution
		Debug|Any CPU = Debug|Any CPU
		Release|Any CPU = Release|Any CPU
	EndGlobalSection
	GlobalSection(ProjectConfigurationPlatforms) = postSolution
		{AC050F31-096A-4CE6-8FFA-9CCA647CA410}.Debug|Any CPU.ActiveCfg = Debug|Any CPU
		{AC050F31-096A-4CE6-8FFA-9CCA647CA410}.Debug|Any CPU.Build.0 = Debug|Any CPU
		{AC050F31-096A-4CE6-8FFA-9CCA647CA410}.Release|Any CPU.ActiveCfg = Release|Any CPU
		{AC050F31-096A-4CE6-8FFA-9CCA647CA410}.Release|Any CPU.Build.0 = Release|Any CPU
	EndGlobalSection
	GlobalSection(SolutionProperties) = preSolution
		HideSolutionNode = FALSE
	EndGlobalSection
	GlobalSection(ExtensibilityGlobals) = postSolution
		SolutionGuid = {D198A31C-BDBE-41B3-8CE0-56A772EAB627}
	EndGlobalSection
EndGlobal
