
Microsoft Visual Studio Solution File, Format Version 12.00
# Visual Studio Version 16
VisualStudioVersion = 16.0.29403.142
MinimumVisualStudioVersion = 10.0.40219.1
Project("{FAE04EC0-301F-11D3-BF4B-00C04F79EFBC}") = "Funkcje5", "Funkcje5\Funkcje5.csproj", "{52D9A6C8-28C4-4E7A-8341-8829C64A1AF5}"
EndProject
Global
	GlobalSection(SolutionConfigurationPlatforms) = preSolution
		Debug|Any CPU = Debug|Any CPU
		Release|Any CPU = Release|Any CPU
	EndGlobalSection
	GlobalSection(ProjectConfigurationPlatforms) = postSolution
		{52D9A6C8-28C4-4E7A-8341-8829C64A1AF5}.Debug|Any CPU.ActiveCfg = Debug|Any CPU
		{52D9A6C8-28C4-4E7A-8341-8829C64A1AF5}.Debug|Any CPU.Build.0 = Debug|Any CPU
		{52D9A6C8-28C4-4E7A-8341-8829C64A1AF5}.Release|Any CPU.ActiveCfg = Release|Any CPU
		{52D9A6C8-28C4-4E7A-8341-8829C64A1AF5}.Release|Any CPU.Build.0 = Release|Any CPU
	EndGlobalSection
	GlobalSection(SolutionProperties) = preSolution
		HideSolutionNode = FALSE
	EndGlobalSection
	GlobalSection(ExtensibilityGlobals) = postSolution
		SolutionGuid = {1EA8714A-FE0D-4CE4-BA88-DA417A9BD09A}
	EndGlobalSection
EndGlobal
