
Microsoft Visual Studio Solution File, Format Version 12.00
# Visual Studio Version 16
VisualStudioVersion = 16.0.29403.142
MinimumVisualStudioVersion = 10.0.40219.1
Project("{FAE04EC0-301F-11D3-BF4B-00C04F79EFBC}") = "Funkcje1", "Funkcje1\Funkcje1.csproj", "{38698AA1-166C-4115-8788-FDD189B53F22}"
EndProject
Global
	GlobalSection(SolutionConfigurationPlatforms) = preSolution
		Debug|Any CPU = Debug|Any CPU
		Release|Any CPU = Release|Any CPU
	EndGlobalSection
	GlobalSection(ProjectConfigurationPlatforms) = postSolution
		{38698AA1-166C-4115-8788-FDD189B53F22}.Debug|Any CPU.ActiveCfg = Debug|Any CPU
		{38698AA1-166C-4115-8788-FDD189B53F22}.Debug|Any CPU.Build.0 = Debug|Any CPU
		{38698AA1-166C-4115-8788-FDD189B53F22}.Release|Any CPU.ActiveCfg = Release|Any CPU
		{38698AA1-166C-4115-8788-FDD189B53F22}.Release|Any CPU.Build.0 = Release|Any CPU
	EndGlobalSection
	GlobalSection(SolutionProperties) = preSolution
		HideSolutionNode = FALSE
	EndGlobalSection
	GlobalSection(ExtensibilityGlobals) = postSolution
		SolutionGuid = {117B5BBB-3E30-406D-B1ED-A168B2E26759}
	EndGlobalSection
EndGlobal
