
Microsoft Visual Studio Solution File, Format Version 12.00
# Visual Studio Version 16
VisualStudioVersion = 16.0.29403.142
MinimumVisualStudioVersion = 10.0.40219.1
Project("{FAE04EC0-301F-11D3-BF4B-00C04F79EFBC}") = "Funkcje2", "Funkcje2\Funkcje2.csproj", "{810898A8-05EA-417F-84C8-659871C9C040}"
EndProject
Global
	GlobalSection(SolutionConfigurationPlatforms) = preSolution
		Debug|Any CPU = Debug|Any CPU
		Release|Any CPU = Release|Any CPU
	EndGlobalSection
	GlobalSection(ProjectConfigurationPlatforms) = postSolution
		{810898A8-05EA-417F-84C8-659871C9C040}.Debug|Any CPU.ActiveCfg = Debug|Any CPU
		{810898A8-05EA-417F-84C8-659871C9C040}.Debug|Any CPU.Build.0 = Debug|Any CPU
		{810898A8-05EA-417F-84C8-659871C9C040}.Release|Any CPU.ActiveCfg = Release|Any CPU
		{810898A8-05EA-417F-84C8-659871C9C040}.Release|Any CPU.Build.0 = Release|Any CPU
	EndGlobalSection
	GlobalSection(SolutionProperties) = preSolution
		HideSolutionNode = FALSE
	EndGlobalSection
	GlobalSection(ExtensibilityGlobals) = postSolution
		SolutionGuid = {057A146A-D5A8-4963-8BAE-8E0E60B2CF41}
	EndGlobalSection
EndGlobal
