
Microsoft Visual Studio Solution File, Format Version 12.00
# Visual Studio Version 16
VisualStudioVersion = 16.0.29403.142
MinimumVisualStudioVersion = 10.0.40219.1
Project("{FAE04EC0-301F-11D3-BF4B-00C04F79EFBC}") = "struktury", "struktury\struktury.csproj", "{35C3ADA4-70CB-4816-B882-5A815B8FCFC4}"
EndProject
Global
	GlobalSection(SolutionConfigurationPlatforms) = preSolution
		Debug|Any CPU = Debug|Any CPU
		Release|Any CPU = Release|Any CPU
	EndGlobalSection
	GlobalSection(ProjectConfigurationPlatforms) = postSolution
		{35C3ADA4-70CB-4816-B882-5A815B8FCFC4}.Debug|Any CPU.ActiveCfg = Debug|Any CPU
		{35C3ADA4-70CB-4816-B882-5A815B8FCFC4}.Debug|Any CPU.Build.0 = Debug|Any CPU
		{35C3ADA4-70CB-4816-B882-5A815B8FCFC4}.Release|Any CPU.ActiveCfg = Release|Any CPU
		{35C3ADA4-70CB-4816-B882-5A815B8FCFC4}.Release|Any CPU.Build.0 = Release|Any CPU
	EndGlobalSection
	GlobalSection(SolutionProperties) = preSolution
		HideSolutionNode = FALSE
	EndGlobalSection
	GlobalSection(ExtensibilityGlobals) = postSolution
		SolutionGuid = {4B94F685-FD75-4C8B-B95D-BCA084C03279}
	EndGlobalSection
EndGlobal
